// !$*UTF8*$!
{
	archiveVersion = 1;
	classes = {
	};
	objectVersion = 46;
	objects = {

/* Begin PBXBuildFile section */
		ACC723831D92F65ABCFB4B3B /* Pods_NewsLineTests.framework in Frameworks */ = {isa = PBXBuildFile; fileRef = 70440F113AFDBBD23CB8CBBE /* Pods_NewsLineTests.framework */; };
		DB16ACA0363B8EA0C77C00BF /* Pods_NewsLine.framework in Frameworks */ = {isa = PBXBuildFile; fileRef = 27B0FC47A7F6D8B98199BCDC /* Pods_NewsLine.framework */; };
		EA9F725F1DD0D4B800486B10 /* A.html in Resources */ = {isa = PBXBuildFile; fileRef = EA9F725E1DD0D4B800486B10 /* A.html */; };
		EA9F72611DD0D4E500486B10 /* Reader.swift in Sources */ = {isa = PBXBuildFile; fileRef = EA9F72601DD0D4E500486B10 /* Reader.swift */; };
		EA9F72651DD0D88A00486B10 /* PassageData.swift in Sources */ = {isa = PBXBuildFile; fileRef = EA9F72641DD0D88A00486B10 /* PassageData.swift */; };
		EA9F72671DD0D93000486B10 /* test.html in Resources */ = {isa = PBXBuildFile; fileRef = EA9F72661DD0D93000486B10 /* test.html */; };
		EA9F72691DD0D97400486B10 /* Parser.swift in Sources */ = {isa = PBXBuildFile; fileRef = EA9F72681DD0D97400486B10 /* Parser.swift */; };
		EA9F726D1DD0DCED00486B10 /* PassageBuilderTests.swift in Sources */ = {isa = PBXBuildFile; fileRef = EA9F726C1DD0DCED00486B10 /* PassageBuilderTests.swift */; };
		EA9F726F1DD0DE3900486B10 /* PassageBuilder.swift in Sources */ = {isa = PBXBuildFile; fileRef = EA9F726E1DD0DE3900486B10 /* PassageBuilder.swift */; };
		EA9F72711DD0E60100486B10 /* PassagePresenterTests.swift in Sources */ = {isa = PBXBuildFile; fileRef = EA9F72701DD0E60100486B10 /* PassagePresenterTests.swift */; };
		EA9F72731DD0E6AD00486B10 /* PassagePresenter.swift in Sources */ = {isa = PBXBuildFile; fileRef = EA9F72721DD0E6AD00486B10 /* PassagePresenter.swift */; };
		EABE0C4A1DD0D353006F484E /* AppDelegate.swift in Sources */ = {isa = PBXBuildFile; fileRef = EABE0C491DD0D353006F484E /* AppDelegate.swift */; };
		EABE0C4C1DD0D353006F484E /* ViewController.swift in Sources */ = {isa = PBXBuildFile; fileRef = EABE0C4B1DD0D353006F484E /* ViewController.swift */; };
		EABE0C4F1DD0D353006F484E /* Main.storyboard in Resources */ = {isa = PBXBuildFile; fileRef = EABE0C4D1DD0D353006F484E /* Main.storyboard */; };
		EABE0C511DD0D353006F484E /* Assets.xcassets in Resources */ = {isa = PBXBuildFile; fileRef = EABE0C501DD0D353006F484E /* Assets.xcassets */; };
		EABE0C541DD0D353006F484E /* LaunchScreen.storyboard in Resources */ = {isa = PBXBuildFile; fileRef = EABE0C521DD0D353006F484E /* LaunchScreen.storyboard */; };
		EABE0C5F1DD0D353006F484E /* ParserTests.swift in Sources */ = {isa = PBXBuildFile; fileRef = EABE0C5E1DD0D353006F484E /* ParserTests.swift */; };
/* End PBXBuildFile section */

/* Begin PBXContainerItemProxy section */
		EABE0C5B1DD0D353006F484E /* PBXContainerItemProxy */ = {
			isa = PBXContainerItemProxy;
			containerPortal = EABE0C3E1DD0D353006F484E /* Project object */;
			proxyType = 1;
			remoteGlobalIDString = EABE0C451DD0D353006F484E;
			remoteInfo = NewsLine;
		};
/* End PBXContainerItemProxy section */

/* Begin PBXFileReference section */
		0587ACC88FC3BFF134CE73EB /* Pods_NewsLineUITests.framework */ = {isa = PBXFileReference; explicitFileType = wrapper.framework; includeInIndex = 0; path = Pods_NewsLineUITests.framework; sourceTree = BUILT_PRODUCTS_DIR; };
		0589C8826BAC63B92AE49C49 /* Pods-NewsLine.release.xcconfig */ = {isa = PBXFileReference; includeInIndex = 1; lastKnownFileType = text.xcconfig; name = "Pods-NewsLine.release.xcconfig"; path = "Pods/Target Support Files/Pods-NewsLine/Pods-NewsLine.release.xcconfig"; sourceTree = "<group>"; };
		27B0FC47A7F6D8B98199BCDC /* Pods_NewsLine.framework */ = {isa = PBXFileReference; explicitFileType = wrapper.framework; includeInIndex = 0; path = Pods_NewsLine.framework; sourceTree = BUILT_PRODUCTS_DIR; };
		599CC2D92635121393F34A36 /* Pods-NewsLine.debug.xcconfig */ = {isa = PBXFileReference; includeInIndex = 1; lastKnownFileType = text.xcconfig; name = "Pods-NewsLine.debug.xcconfig"; path = "Pods/Target Support Files/Pods-NewsLine/Pods-NewsLine.debug.xcconfig"; sourceTree = "<group>"; };
		70440F113AFDBBD23CB8CBBE /* Pods_NewsLineTests.framework */ = {isa = PBXFileReference; explicitFileType = wrapper.framework; includeInIndex = 0; path = Pods_NewsLineTests.framework; sourceTree = BUILT_PRODUCTS_DIR; };
		79E7003E6A8E842B1F178EE9 /* Pods-NewsLineUITests.release.xcconfig */ = {isa = PBXFileReference; includeInIndex = 1; lastKnownFileType = text.xcconfig; name = "Pods-NewsLineUITests.release.xcconfig"; path = "Pods/Target Support Files/Pods-NewsLineUITests/Pods-NewsLineUITests.release.xcconfig"; sourceTree = "<group>"; };
		97DBDF4CC139BD64AC55A2AF /* Pods-NewsLineTests.debug.xcconfig */ = {isa = PBXFileReference; includeInIndex = 1; lastKnownFileType = text.xcconfig; name = "Pods-NewsLineTests.debug.xcconfig"; path = "Pods/Target Support Files/Pods-NewsLineTests/Pods-NewsLineTests.debug.xcconfig"; sourceTree = "<group>"; };
		C3E01547A281AC04FDE0B85B /* Pods-NewsLineUITests.debug.xcconfig */ = {isa = PBXFileReference; includeInIndex = 1; lastKnownFileType = text.xcconfig; name = "Pods-NewsLineUITests.debug.xcconfig"; path = "Pods/Target Support Files/Pods-NewsLineUITests/Pods-NewsLineUITests.debug.xcconfig"; sourceTree = "<group>"; };
		EA9F725E1DD0D4B800486B10 /* A.html */ = {isa = PBXFileReference; fileEncoding = 4; lastKnownFileType = text.html; path = A.html; sourceTree = "<group>"; };
		EA9F72601DD0D4E500486B10 /* Reader.swift */ = {isa = PBXFileReference; fileEncoding = 4; lastKnownFileType = sourcecode.swift; path = Reader.swift; sourceTree = "<group>"; };
		EA9F72641DD0D88A00486B10 /* PassageData.swift */ = {isa = PBXFileReference; fileEncoding = 4; lastKnownFileType = sourcecode.swift; path = PassageData.swift; sourceTree = "<group>"; };
		EA9F72661DD0D93000486B10 /* test.html */ = {isa = PBXFileReference; fileEncoding = 4; lastKnownFileType = text.html; path = test.html; sourceTree = "<group>"; };
		EA9F72681DD0D97400486B10 /* Parser.swift */ = {isa = PBXFileReference; fileEncoding = 4; lastKnownFileType = sourcecode.swift; path = Parser.swift; sourceTree = "<group>"; };
		EA9F726C1DD0DCED00486B10 /* PassageBuilderTests.swift */ = {isa = PBXFileReference; fileEncoding = 4; lastKnownFileType = sourcecode.swift; path = PassageBuilderTests.swift; sourceTree = "<group>"; };
		EA9F726E1DD0DE3900486B10 /* PassageBuilder.swift */ = {isa = PBXFileReference; fileEncoding = 4; lastKnownFileType = sourcecode.swift; path = PassageBuilder.swift; sourceTree = "<group>"; };
		EA9F72701DD0E60100486B10 /* PassagePresenterTests.swift */ = {isa = PBXFileReference; fileEncoding = 4; lastKnownFileType = sourcecode.swift; path = PassagePresenterTests.swift; sourceTree = "<group>"; };
		EA9F72721DD0E6AD00486B10 /* PassagePresenter.swift */ = {isa = PBXFileReference; fileEncoding = 4; lastKnownFileType = sourcecode.swift; path = PassagePresenter.swift; sourceTree = "<group>"; };
		EABE0C461DD0D353006F484E /* NewsLine.app */ = {isa = PBXFileReference; explicitFileType = wrapper.application; includeInIndex = 0; path = NewsLine.app; sourceTree = BUILT_PRODUCTS_DIR; };
		EABE0C491DD0D353006F484E /* AppDelegate.swift */ = {isa = PBXFileReference; lastKnownFileType = sourcecode.swift; path = AppDelegate.swift; sourceTree = "<group>"; };
		EABE0C4B1DD0D353006F484E /* ViewController.swift */ = {isa = PBXFileReference; lastKnownFileType = sourcecode.swift; path = ViewController.swift; sourceTree = "<group>"; };
		EABE0C4E1DD0D353006F484E /* Base */ = {isa = PBXFileReference; lastKnownFileType = file.storyboard; name = Base; path = Base.lproj/Main.storyboard; sourceTree = "<group>"; };
		EABE0C501DD0D353006F484E /* Assets.xcassets */ = {isa = PBXFileReference; lastKnownFileType = folder.assetcatalog; path = Assets.xcassets; sourceTree = "<group>"; };
		EABE0C531DD0D353006F484E /* Base */ = {isa = PBXFileReference; lastKnownFileType = file.storyboard; name = Base; path = Base.lproj/LaunchScreen.storyboard; sourceTree = "<group>"; };
		EABE0C551DD0D353006F484E /* Info.plist */ = {isa = PBXFileReference; lastKnownFileType = text.plist.xml; path = Info.plist; sourceTree = "<group>"; };
		EABE0C5A1DD0D353006F484E /* NewsLineTests.xctest */ = {isa = PBXFileReference; explicitFileType = wrapper.cfbundle; includeInIndex = 0; path = NewsLineTests.xctest; sourceTree = BUILT_PRODUCTS_DIR; };
		EABE0C5E1DD0D353006F484E /* ParserTests.swift */ = {isa = PBXFileReference; lastKnownFileType = sourcecode.swift; path = ParserTests.swift; sourceTree = "<group>"; };
		EABE0C601DD0D353006F484E /* Info.plist */ = {isa = PBXFileReference; lastKnownFileType = text.plist.xml; path = Info.plist; sourceTree = "<group>"; };
		F362B3C83D4C174795AEEA9E /* Pods-NewsLineTests.release.xcconfig */ = {isa = PBXFileReference; includeInIndex = 1; lastKnownFileType = text.xcconfig; name = "Pods-NewsLineTests.release.xcconfig"; path = "Pods/Target Support Files/Pods-NewsLineTests/Pods-NewsLineTests.release.xcconfig"; sourceTree = "<group>"; };
/* End PBXFileReference section */

/* Begin PBXFrameworksBuildPhase section */
		EABE0C431DD0D353006F484E /* Frameworks */ = {
			isa = PBXFrameworksBuildPhase;
			buildActionMask = 2147483647;
			files = (
				DB16ACA0363B8EA0C77C00BF /* Pods_NewsLine.framework in Frameworks */,
			);
			runOnlyForDeploymentPostprocessing = 0;
		};
		EABE0C571DD0D353006F484E /* Frameworks */ = {
			isa = PBXFrameworksBuildPhase;
			buildActionMask = 2147483647;
			files = (
				ACC723831D92F65ABCFB4B3B /* Pods_NewsLineTests.framework in Frameworks */,
			);
			runOnlyForDeploymentPostprocessing = 0;
		};
/* End PBXFrameworksBuildPhase section */

/* Begin PBXGroup section */
		1185EB4891E611502A91A409 /* Pods */ = {
			isa = PBXGroup;
			children = (
				599CC2D92635121393F34A36 /* Pods-NewsLine.debug.xcconfig */,
				0589C8826BAC63B92AE49C49 /* Pods-NewsLine.release.xcconfig */,
				97DBDF4CC139BD64AC55A2AF /* Pods-NewsLineTests.debug.xcconfig */,
				F362B3C83D4C174795AEEA9E /* Pods-NewsLineTests.release.xcconfig */,
				C3E01547A281AC04FDE0B85B /* Pods-NewsLineUITests.debug.xcconfig */,
				79E7003E6A8E842B1F178EE9 /* Pods-NewsLineUITests.release.xcconfig */,
			);
			name = Pods;
			sourceTree = "<group>";
		};
		1D75F229F4F9E61DF46E80B3 /* Frameworks */ = {
			isa = PBXGroup;
			children = (
				27B0FC47A7F6D8B98199BCDC /* Pods_NewsLine.framework */,
				70440F113AFDBBD23CB8CBBE /* Pods_NewsLineTests.framework */,
				0587ACC88FC3BFF134CE73EB /* Pods_NewsLineUITests.framework */,
			);
			name = Frameworks;
			sourceTree = "<group>";
		};
		EA9F726A1DD0DCC400486B10 /* Supporting Files */ = {
			isa = PBXGroup;
			children = (
				EABE0C601DD0D353006F484E /* Info.plist */,
			);
			name = "Supporting Files";
			sourceTree = "<group>";
		};
		EA9F726B1DD0DCCF00486B10 /* Supporting Files */ = {
			isa = PBXGroup;
			children = (
				EABE0C491DD0D353006F484E /* AppDelegate.swift */,
				EABE0C501DD0D353006F484E /* Assets.xcassets */,
				EABE0C521DD0D353006F484E /* LaunchScreen.storyboard */,
				EABE0C551DD0D353006F484E /* Info.plist */,
			);
			name = "Supporting Files";
			sourceTree = "<group>";
		};
		EABE0C3D1DD0D353006F484E = {
			isa = PBXGroup;
			children = (
				EABE0C481DD0D353006F484E /* NewsLine */,
				EABE0C5D1DD0D353006F484E /* NewsLineTests */,
				EABE0C471DD0D353006F484E /* Products */,
				1185EB4891E611502A91A409 /* Pods */,
				1D75F229F4F9E61DF46E80B3 /* Frameworks */,
			);
			sourceTree = "<group>";
		};
		EABE0C471DD0D353006F484E /* Products */ = {
			isa = PBXGroup;
			children = (
				EABE0C461DD0D353006F484E /* NewsLine.app */,
				EABE0C5A1DD0D353006F484E /* NewsLineTests.xctest */,
			);
			name = Products;
			sourceTree = "<group>";
		};
		EABE0C481DD0D353006F484E /* NewsLine */ = {
			isa = PBXGroup;
			children = (
				EA9F725E1DD0D4B800486B10 /* A.html */,
				EA9F72601DD0D4E500486B10 /* Reader.swift */,
				EA9F72641DD0D88A00486B10 /* PassageData.swift */,
				EA9F72681DD0D97400486B10 /* Parser.swift */,
				EA9F726E1DD0DE3900486B10 /* PassageBuilder.swift */,
				EABE0C4B1DD0D353006F484E /* ViewController.swift */,
				EABE0C4D1DD0D353006F484E /* Main.storyboard */,
				EA9F726B1DD0DCCF00486B10 /* Supporting Files */,
				EA9F72721DD0E6AD00486B10 /* PassagePresenter.swift */,
			);
			path = NewsLine;
			sourceTree = "<group>";
		};
		EABE0C5D1DD0D353006F484E /* NewsLineTests */ = {
			isa = PBXGroup;
			children = (
				EA9F72661DD0D93000486B10 /* test.html */,
				EABE0C5E1DD0D353006F484E /* ParserTests.swift */,
				EA9F726C1DD0DCED00486B10 /* PassageBuilderTests.swift */,
				EA9F726A1DD0DCC400486B10 /* Supporting Files */,
				EA9F72701DD0E60100486B10 /* PassagePresenterTests.swift */,
			);
			path = NewsLineTests;
			sourceTree = "<group>";
		};
/* End PBXGroup section */

/* Begin PBXNativeTarget section */
		EABE0C451DD0D353006F484E /* NewsLine */ = {
			isa = PBXNativeTarget;
			buildConfigurationList = EABE0C6E1DD0D353006F484E /* Build configuration list for PBXNativeTarget "NewsLine" */;
			buildPhases = (
				813A945FB0B67FCD329946FB /* [CP] Check Pods Manifest.lock */,
				EABE0C421DD0D353006F484E /* Sources */,
				EABE0C431DD0D353006F484E /* Frameworks */,
				EABE0C441DD0D353006F484E /* Resources */,
				6D14E09E2BE2FD768E178553 /* [CP] Embed Pods Frameworks */,
				0DCB706CA0F594A3F9F6DFEF /* [CP] Copy Pods Resources */,
			);
			buildRules = (
			);
			dependencies = (
			);
			name = NewsLine;
			productName = NewsLine;
			productReference = EABE0C461DD0D353006F484E /* NewsLine.app */;
			productType = "com.apple.product-type.application";
		};
		EABE0C591DD0D353006F484E /* NewsLineTests */ = {
			isa = PBXNativeTarget;
			buildConfigurationList = EABE0C711DD0D353006F484E /* Build configuration list for PBXNativeTarget "NewsLineTests" */;
			buildPhases = (
				F7CAA852D1A707B48FE16A8E /* [CP] Check Pods Manifest.lock */,
				EABE0C561DD0D353006F484E /* Sources */,
				EABE0C571DD0D353006F484E /* Frameworks */,
				EABE0C581DD0D353006F484E /* Resources */,
				DD56476E360AF6110A9538F5 /* [CP] Embed Pods Frameworks */,
				93FC5651B42DCD5485021D39 /* [CP] Copy Pods Resources */,
			);
			buildRules = (
			);
			dependencies = (
				EABE0C5C1DD0D353006F484E /* PBXTargetDependency */,
			);
			name = NewsLineTests;
			productName = NewsLineTests;
			productReference = EABE0C5A1DD0D353006F484E /* NewsLineTests.xctest */;
			productType = "com.apple.product-type.bundle.unit-test";
		};
/* End PBXNativeTarget section */

/* Begin PBXProject section */
		EABE0C3E1DD0D353006F484E /* Project object */ = {
			isa = PBXProject;
			attributes = {
				LastSwiftUpdateCheck = 0810;
				LastUpgradeCheck = 0810;
				ORGANIZATIONNAME = elit;
				TargetAttributes = {
					EABE0C451DD0D353006F484E = {
						CreatedOnToolsVersion = 8.1;
						DevelopmentTeam = 4C34FT6ABU;
						ProvisioningStyle = Automatic;
					};
					EABE0C591DD0D353006F484E = {
						CreatedOnToolsVersion = 8.1;
						DevelopmentTeam = 4C34FT6ABU;
						ProvisioningStyle = Automatic;
						TestTargetID = EABE0C451DD0D353006F484E;
					};
				};
			};
			buildConfigurationList = EABE0C411DD0D353006F484E /* Build configuration list for PBXProject "NewsLine" */;
			compatibilityVersion = "Xcode 3.2";
			developmentRegion = English;
			hasScannedForEncodings = 0;
			knownRegions = (
				en,
				Base,
			);
			mainGroup = EABE0C3D1DD0D353006F484E;
			productRefGroup = EABE0C471DD0D353006F484E /* Products */;
			projectDirPath = "";
			projectRoot = "";
			targets = (
				EABE0C451DD0D353006F484E /* NewsLine */,
				EABE0C591DD0D353006F484E /* NewsLineTests */,
			);
		};
/* End PBXProject section */

/* Begin PBXResourcesBuildPhase section */
		EABE0C441DD0D353006F484E /* Resources */ = {
			isa = PBXResourcesBuildPhase;
			buildActionMask = 2147483647;
			files = (
				EABE0C541DD0D353006F484E /* LaunchScreen.storyboard in Resources */,
				EABE0C511DD0D353006F484E /* Assets.xcassets in Resources */,
				EA9F725F1DD0D4B800486B10 /* A.html in Resources */,
				EABE0C4F1DD0D353006F484E /* Main.storyboard in Resources */,
			);
			runOnlyForDeploymentPostprocessing = 0;
		};
		EABE0C581DD0D353006F484E /* Resources */ = {
			isa = PBXResourcesBuildPhase;
			buildActionMask = 2147483647;
			files = (
				EA9F72671DD0D93000486B10 /* test.html in Resources */,
			);
			runOnlyForDeploymentPostprocessing = 0;
		};
/* End PBXResourcesBuildPhase section */

/* Begin PBXShellScriptBuildPhase section */
		0DCB706CA0F594A3F9F6DFEF /* [CP] Copy Pods Resources */ = {
			isa = PBXShellScriptBuildPhase;
			buildActionMask = 2147483647;
			files = (
			);
			inputPaths = (
			);
			name = "[CP] Copy Pods Resources";
			outputPaths = (
			);
			runOnlyForDeploymentPostprocessing = 0;
			shellPath = /bin/sh;
			shellScript = "\"${SRCROOT}/Pods/Target Support Files/Pods-NewsLine/Pods-NewsLine-resources.sh\"\n";
			showEnvVarsInLog = 0;
		};
		6D14E09E2BE2FD768E178553 /* [CP] Embed Pods Frameworks */ = {
			isa = PBXShellScriptBuildPhase;
			buildActionMask = 2147483647;
			files = (
			);
			inputPaths = (
			);
			name = "[CP] Embed Pods Frameworks";
			outputPaths = (
			);
			runOnlyForDeploymentPostprocessing = 0;
			shellPath = /bin/sh;
			shellScript = "\"${SRCROOT}/Pods/Target Support Files/Pods-NewsLine/Pods-NewsLine-frameworks.sh\"\n";
			showEnvVarsInLog = 0;
		};
		813A945FB0B67FCD329946FB /* [CP] Check Pods Manifest.lock */ = {
			isa = PBXShellScriptBuildPhase;
			buildActionMask = 2147483647;
			files = (
			);
			inputPaths = (
			);
			name = "[CP] Check Pods Manifest.lock";
			outputPaths = (
			);
			runOnlyForDeploymentPostprocessing = 0;
			shellPath = /bin/sh;
			shellScript = "diff \"${PODS_ROOT}/../Podfile.lock\" \"${PODS_ROOT}/Manifest.lock\" > /dev/null\nif [ $? != 0 ] ; then\n    # print error to STDERR\n    echo \"error: The sandbox is not in sync with the Podfile.lock. Run 'pod install' or update your CocoaPods installation.\" >&2\n    exit 1\nfi\n";
			showEnvVarsInLog = 0;
		};
		93FC5651B42DCD5485021D39 /* [CP] Copy Pods Resources */ = {
			isa = PBXShellScriptBuildPhase;
			buildActionMask = 2147483647;
			files = (
			);
			inputPaths = (
			);
			name = "[CP] Copy Pods Resources";
			outputPaths = (
			);
			runOnlyForDeploymentPostprocessing = 0;
			shellPath = /bin/sh;
			shellScript = "\"${SRCROOT}/Pods/Target Support Files/Pods-NewsLineTests/Pods-NewsLineTests-resources.sh\"\n";
			showEnvVarsInLog = 0;
		};
		DD56476E360AF6110A9538F5 /* [CP] Embed Pods Frameworks */ = {
			isa = PBXShellScriptBuildPhase;
			buildActionMask = 2147483647;
			files = (
			);
			inputPaths = (
			);
			name = "[CP] Embed Pods Frameworks";
			outputPaths = (
			);
			runOnlyForDeploymentPostprocessing = 0;
			shellPath = /bin/sh;
			shellScript = "\"${SRCROOT}/Pods/Target Support Files/Pods-NewsLineTests/Pods-NewsLineTests-frameworks.sh\"\n";
			showEnvVarsInLog = 0;
		};
		F7CAA852D1A707B48FE16A8E /* [CP] Check Pods Manifest.lock */ = {
			isa = PBXShellScriptBuildPhase;
			buildActionMask = 2147483647;
			files = (
			);
			inputPaths = (
			);
			name = "[CP] Check Pods Manifest.lock";
			outputPaths = (
			);
			runOnlyForDeploymentPostprocessing = 0;
			shellPath = /bin/sh;
			shellScript = "diff \"${PODS_ROOT}/../Podfile.lock\" \"${PODS_ROOT}/Manifest.lock\" > /dev/null\nif [ $? != 0 ] ; then\n    # print error to STDERR\n    echo \"error: The sandbox is not in sync with the Podfile.lock. Run 'pod install' or update your CocoaPods installation.\" >&2\n    exit 1\nfi\n";
			showEnvVarsInLog = 0;
		};
/* End PBXShellScriptBuildPhase section */

/* Begin PBXSourcesBuildPhase section */
		EABE0C421DD0D353006F484E /* Sources */ = {
			isa = PBXSourcesBuildPhase;
			buildActionMask = 2147483647;
			files = (
				EA9F72611DD0D4E500486B10 /* Reader.swift in Sources */,
				EA9F72731DD0E6AD00486B10 /* PassagePresenter.swift in Sources */,
				EABE0C4C1DD0D353006F484E /* ViewController.swift in Sources */,
				EA9F726F1DD0DE3900486B10 /* PassageBuilder.swift in Sources */,
				EA9F72691DD0D97400486B10 /* Parser.swift in Sources */,
				EA9F72651DD0D88A00486B10 /* PassageData.swift in Sources */,
				EABE0C4A1DD0D353006F484E /* AppDelegate.swift in Sources */,
			);
			runOnlyForDeploymentPostprocessing = 0;
		};
		EABE0C561DD0D353006F484E /* Sources */ = {
			isa = PBXSourcesBuildPhase;
			buildActionMask = 2147483647;
			files = (
				EA9F726D1DD0DCED00486B10 /* PassageBuilderTests.swift in Sources */,
				EA9F72711DD0E60100486B10 /* PassagePresenterTests.swift in Sources */,
				EABE0C5F1DD0D353006F484E /* ParserTests.swift in Sources */,
			);
			runOnlyForDeploymentPostprocessing = 0;
		};
/* End PBXSourcesBuildPhase section */

/* Begin PBXTargetDependency section */
		EABE0C5C1DD0D353006F484E /* PBXTargetDependency */ = {
			isa = PBXTargetDependency;
			target = EABE0C451DD0D353006F484E /* NewsLine */;
			targetProxy = EABE0C5B1DD0D353006F484E /* PBXContainerItemProxy */;
		};
/* End PBXTargetDependency section */

/* Begin PBXVariantGroup section */
		EABE0C4D1DD0D353006F484E /* Main.storyboard */ = {
			isa = PBXVariantGroup;
			children = (
				EABE0C4E1DD0D353006F484E /* Base */,
			);
			name = Main.storyboard;
			sourceTree = "<group>";
		};
		EABE0C521DD0D353006F484E /* LaunchScreen.storyboard */ = {
			isa = PBXVariantGroup;
			children = (
				EABE0C531DD0D353006F484E /* Base */,
			);
			name = LaunchScreen.storyboard;
			sourceTree = "<group>";
		};
/* End PBXVariantGroup section */

/* Begin XCBuildConfiguration section */
		EABE0C6C1DD0D353006F484E /* Debug */ = {
			isa = XCBuildConfiguration;
			buildSettings = {
				ALWAYS_SEARCH_USER_PATHS = NO;
				CLANG_ANALYZER_NONNULL = YES;
				CLANG_CXX_LANGUAGE_STANDARD = "gnu++0x";
				CLANG_CXX_LIBRARY = "libc++";
				CLANG_ENABLE_MODULES = YES;
				CLANG_ENABLE_OBJC_ARC = YES;
				CLANG_WARN_BOOL_CONVERSION = YES;
				CLANG_WARN_CONSTANT_CONVERSION = YES;
				CLANG_WARN_DIRECT_OBJC_ISA_USAGE = YES_ERROR;
				CLANG_WARN_DOCUMENTATION_COMMENTS = YES;
				CLANG_WARN_EMPTY_BODY = YES;
				CLANG_WARN_ENUM_CONVERSION = YES;
				CLANG_WARN_INFINITE_RECURSION = YES;
				CLANG_WARN_INT_CONVERSION = YES;
				CLANG_WARN_OBJC_ROOT_CLASS = YES_ERROR;
				CLANG_WARN_SUSPICIOUS_MOVE = YES;
				CLANG_WARN_SUSPICIOUS_MOVES = YES;
				CLANG_WARN_UNREACHABLE_CODE = YES;
				CLANG_WARN__DUPLICATE_METHOD_MATCH = YES;
				"CODE_SIGN_IDENTITY[sdk=iphoneos*]" = "iPhone Developer";
				COPY_PHASE_STRIP = NO;
				DEBUG_INFORMATION_FORMAT = dwarf;
				ENABLE_STRICT_OBJC_MSGSEND = YES;
				ENABLE_TESTABILITY = YES;
				GCC_C_LANGUAGE_STANDARD = gnu99;
				GCC_DYNAMIC_NO_PIC = NO;
				GCC_NO_COMMON_BLOCKS = YES;
				GCC_OPTIMIZATION_LEVEL = 0;
				GCC_PREPROCESSOR_DEFINITIONS = (
					"DEBUG=1",
					"$(inherited)",
				);
				GCC_WARN_64_TO_32_BIT_CONVERSION = YES;
				GCC_WARN_ABOUT_RETURN_TYPE = YES_ERROR;
				GCC_WARN_UNDECLARED_SELECTOR = YES;
				GCC_WARN_UNINITIALIZED_AUTOS = YES_AGGRESSIVE;
				GCC_WARN_UNUSED_FUNCTION = YES;
				GCC_WARN_UNUSED_VARIABLE = YES;
				IPHONEOS_DEPLOYMENT_TARGET = 10.1;
				MTL_ENABLE_DEBUG_INFO = YES;
				ONLY_ACTIVE_ARCH = YES;
				SDKROOT = iphoneos;
				SWIFT_ACTIVE_COMPILATION_CONDITIONS = DEBUG;
				SWIFT_OPTIMIZATION_LEVEL = "-Onone";
				TARGETED_DEVICE_FAMILY = "1,2";
			};
			name = Debug;
		};
		EABE0C6D1DD0D353006F484E /* Release */ = {
			isa = XCBuildConfiguration;
			buildSettings = {
				ALWAYS_SEARCH_USER_PATHS = NO;
				CLANG_ANALYZER_NONNULL = YES;
				CLANG_CXX_LANGUAGE_STANDARD = "gnu++0x";
				CLANG_CXX_LIBRARY = "libc++";
				CLANG_ENABLE_MODULES = YES;
				CLANG_ENABLE_OBJC_ARC = YES;
				CLANG_WARN_BOOL_CONVERSION = YES;
				CLANG_WARN_CONSTANT_CONVERSION = YES;
				CLANG_WARN_DIRECT_OBJC_ISA_USAGE = YES_ERROR;
				CLANG_WARN_DOCUMENTATION_COMMENTS = YES;
				CLANG_WARN_EMPTY_BODY = YES;
				CLANG_WARN_ENUM_CONVERSION = YES;
				CLANG_WARN_INFINITE_RECURSION = YES;
				CLANG_WARN_INT_CONVERSION = YES;
				CLANG_WARN_OBJC_ROOT_CLASS = YES_ERROR;
				CLANG_WARN_SUSPICIOUS_MOVE = YES;
				CLANG_WARN_SUSPICIOUS_MOVES = YES;
				CLANG_WARN_UNREACHABLE_CODE = YES;
				CLANG_WARN__DUPLICATE_METHOD_MATCH = YES;
				"CODE_SIGN_IDENTITY[sdk=iphoneos*]" = "iPhone Developer";
				COPY_PHASE_STRIP = NO;
				DEBUG_INFORMATION_FORMAT = "dwarf-with-dsym";
				ENABLE_NS_ASSERTIONS = NO;
				ENABLE_STRICT_OBJC_MSGSEND = YES;
				GCC_C_LANGUAGE_STANDARD = gnu99;
				GCC_NO_COMMON_BLOCKS = YES;
				GCC_WARN_64_TO_32_BIT_CONVERSION = YES;
				GCC_WARN_ABOUT_RETURN_TYPE = YES_ERROR;
				GCC_WARN_UNDECLARED_SELECTOR = YES;
				GCC_WARN_UNINITIALIZED_AUTOS = YES_AGGRESSIVE;
				GCC_WARN_UNUSED_FUNCTION = YES;
				GCC_WARN_UNUSED_VARIABLE = YES;
				IPHONEOS_DEPLOYMENT_TARGET = 10.1;
				MTL_ENABLE_DEBUG_INFO = NO;
				SDKROOT = iphoneos;
				SWIFT_OPTIMIZATION_LEVEL = "-Owholemodule";
				TARGETED_DEVICE_FAMILY = "1,2";
				VALIDATE_PRODUCT = YES;
			};
			name = Release;
		};
		EABE0C6F1DD0D353006F484E /* Debug */ = {
			isa = XCBuildConfiguration;
			baseConfigurationReference = 599CC2D92635121393F34A36 /* Pods-NewsLine.debug.xcconfig */;
			buildSettings = {
				ALWAYS_EMBED_SWIFT_STANDARD_LIBRARIES = YES;
				ASSETCATALOG_COMPILER_APPICON_NAME = AppIcon;
				DEVELOPMENT_TEAM = 4C34FT6ABU;
				INFOPLIST_FILE = NewsLine/Info.plist;
				LD_RUNPATH_SEARCH_PATHS = "$(inherited) @executable_path/Frameworks";
				PRODUCT_BUNDLE_IDENTIFIER = com.elit.NewsLine;
				PRODUCT_NAME = "$(TARGET_NAME)";
				SWIFT_VERSION = 3.0;
			};
			name = Debug;
		};
		EABE0C701DD0D353006F484E /* Release */ = {
			isa = XCBuildConfiguration;
			baseConfigurationReference = 0589C8826BAC63B92AE49C49 /* Pods-NewsLine.release.xcconfig */;
			buildSettings = {
				ALWAYS_EMBED_SWIFT_STANDARD_LIBRARIES = YES;
				ASSETCATALOG_COMPILER_APPICON_NAME = AppIcon;
				DEVELOPMENT_TEAM = 4C34FT6ABU;
				INFOPLIST_FILE = NewsLine/Info.plist;
				LD_RUNPATH_SEARCH_PATHS = "$(inherited) @executable_path/Frameworks";
				PRODUCT_BUNDLE_IDENTIFIER = com.elit.NewsLine;
				PRODUCT_NAME = "$(TARGET_NAME)";
				SWIFT_VERSION = 3.0;
			};
			name = Release;
		};
		EABE0C721DD0D353006F484E /* Debug */ = {
			isa = XCBuildConfiguration;
			baseConfigurationReference = 97DBDF4CC139BD64AC55A2AF /* Pods-NewsLineTests.debug.xcconfig */;
			buildSettings = {
				ALWAYS_EMBED_SWIFT_STANDARD_LIBRARIES = YES;
				BUNDLE_LOADER = "$(TEST_HOST)";
				DEVELOPMENT_TEAM = 4C34FT6ABU;
				INFOPLIST_FILE = NewsLineTests/Info.plist;
				LD_RUNPATH_SEARCH_PATHS = "$(inherited) @executable_path/Frameworks @loader_path/Frameworks";
				PRODUCT_BUNDLE_IDENTIFIER = com.elit.NewsLineTests;
				PRODUCT_NAME = "$(TARGET_NAME)";
				SWIFT_VERSION = 3.0;
				TEST_HOST = "$(BUILT_PRODUCTS_DIR)/NewsLine.app/NewsLine";
			};
			name = Debug;
		};
		EABE0C731DD0D353006F484E /* Release */ = {
			isa = XCBuildConfiguration;
			baseConfigurationReference = F362B3C83D4C174795AEEA9E /* Pods-NewsLineTests.release.xcconfig */;
			buildSettings = {
				ALWAYS_EMBED_SWIFT_STANDARD_LIBRARIES = YES;
				BUNDLE_LOADER = "$(TEST_HOST)";
				DEVELOPMENT_TEAM = 4C34FT6ABU;
				INFOPLIST_FILE = NewsLineTests/Info.plist;
				LD_RUNPATH_SEARCH_PATHS = "$(inherited) @executable_path/Frameworks @loader_path/Frameworks";
				PRODUCT_BUNDLE_IDENTIFIER = com.elit.NewsLineTests;
				PRODUCT_NAME = "$(TARGET_NAME)";
				SWIFT_VERSION = 3.0;
				TEST_HOST = "$(BUILT_PRODUCTS_DIR)/NewsLine.app/NewsLine";
			};
			name = Release;
		};
/* End XCBuildConfiguration section */

/* Begin XCConfigurationList section */
		EABE0C411DD0D353006F484E /* Build configuration list for PBXProject "NewsLine" */ = {
			isa = XCConfigurationList;
			buildConfigurations = (
				EABE0C6C1DD0D353006F484E /* Debug */,
				EABE0C6D1DD0D353006F484E /* Release */,
			);
			defaultConfigurationIsVisible = 0;
			defaultConfigurationName = Release;
		};
		EABE0C6E1DD0D353006F484E /* Build configuration list for PBXNativeTarget "NewsLine" */ = {
			isa = XCConfigurationList;
			buildConfigurations = (
				EABE0C6F1DD0D353006F484E /* Debug */,
				EABE0C701DD0D353006F484E /* Release */,
			);
			defaultConfigurationIsVisible = 0;
			defaultConfigurationName = Release;
		};
		EABE0C711DD0D353006F484E /* Build configuration list for PBXNativeTarget "NewsLineTests" */ = {
			isa = XCConfigurationList;
			buildConfigurations = (
				EABE0C721DD0D353006F484E /* Debug */,
				EABE0C731DD0D353006F484E /* Release */,
			);
			defaultConfigurationIsVisible = 0;
			defaultConfigurationName = Release;
		};
/* End XCConfigurationList section */
	};
	rootObject = EABE0C3E1DD0D353006F484E /* Project object */;
}
